
Microsoft Visual Studio Solution File, Format Version 12.00
# Visual Studio Version 17
VisualStudioVersion = 17.4.33213.308
MinimumVisualStudioVersion = 10.0.40219.1
Project("{FAE04EC0-301F-11D3-BF4B-00C04F79EFBC}") = "Battleships", "Battleships.csproj", "{C1B25E09-32E8-4553-8454-70C3A3029349}"
EndProject
Global
	GlobalSection(SolutionConfigurationPlatforms) = preSolution
		Debug|Any CPU = Debug|Any CPU
		Release|Any CPU = Release|Any CPU
	EndGlobalSection
	GlobalSection(ProjectConfigurationPlatforms) = postSolution
		{C1B25E09-32E8-4553-8454-70C3A3029349}.Debug|Any CPU.ActiveCfg = Debug|Any CPU
		{C1B25E09-32E8-4553-8454-70C3A3029349}.Debug|Any CPU.Build.0 = Debug|Any CPU
		{C1B25E09-32E8-4553-8454-70C3A3029349}.Release|Any CPU.ActiveCfg = Release|Any CPU
		{C1B25E09-32E8-4553-8454-70C3A3029349}.Release|Any CPU.Build.0 = Release|Any CPU
	EndGlobalSection
	GlobalSection(SolutionProperties) = preSolution
		HideSolutionNode = FALSE
	EndGlobalSection
	GlobalSection(ExtensibilityGlobals) = postSolution
		SolutionGuid = {7C85FE6D-19FB-4731-AD56-0181E5804B48}
	EndGlobalSection
EndGlobal
